Microsoft Visual Studio Solution File, Format Version 12.00
# Visual Studio Version 17
VisualStudioVersion = 17.0.31903.59
MinimumVisualStudioVersion = 10.0.40219.1
Project("{FAE04EC0-301F-11D3-BF4B-00C04F79EFBC}") = "TelemetryBridge.Core", "src/TelemetryBridge.Core/TelemetryBridge.Core.csproj", "{C1E2A3B4-1111-4444-8888-ABCDEF000001}"
EndProject
Project("{FAE04EC0-301F-11D3-BF4B-00C04F79EFBC}") = "TelemetryBridge.Cli", "src/TelemetryBridge.Cli/TelemetryBridge.Cli.csproj", "{C1E2A3B4-1111-4444-8888-ABCDEF000002}"
EndProject
Project("{FAE04EC0-301F-11D3-BF4B-00C04F79EFBC}") = "TelemetryBridge.Core.Tests", "tests/TelemetryBridge.Core.Tests/TelemetryBridge.Core.Tests.csproj", "{C1E2A3B4-1111-4444-8888-ABCDEF000003}"
EndProject
Global
	GlobalSection(SolutionConfigurationPlatforms) = preSolution
		Debug|Any CPU = Debug|Any CPU
		Release|Any CPU = Release|Any CPU
	EndGlobalSection
	GlobalSection(ProjectConfigurationPlatforms) = postSolution
		{C1E2A3B4-1111-4444-8888-ABCDEF000001}.Debug|Any CPU.ActiveCfg = Debug|Any CPU
		{C1E2A3B4-1111-4444-8888-ABCDEF000001}.Debug|Any CPU.Build.0 = Debug|Any CPU
		{C1E2A3B4-1111-4444-8888-ABCDEF000001}.Release|Any CPU.ActiveCfg = Release|Any CPU
		{C1E2A3B4-1111-4444-8888-ABCDEF000001}.Release|Any CPU.Build.0 = Release|Any CPU
		{C1E2A3B4-1111-4444-8888-ABCDEF000002}.Debug|Any CPU.ActiveCfg = Debug|Any CPU
		{C1E2A3B4-1111-4444-8888-ABCDEF000002}.Debug|Any CPU.Build.0 = Debug|Any CPU
		{C1E2A3B4-1111-4444-8888-ABCDEF000002}.Release|Any CPU.ActiveCfg = Release|Any CPU
		{C1E2A3B4-1111-4444-8888-ABCDEF000002}.Release|Any CPU.Build.0 = Release|Any CPU
		{C1E2A3B4-1111-4444-8888-ABCDEF000003}.Debug|Any CPU.ActiveCfg = Debug|Any CPU
		{C1E2A3B4-1111-4444-8888-ABCDEF000003}.Debug|Any CPU.Build.0 = Debug|Any CPU
		{C1E2A3B4-1111-4444-8888-ABCDEF000003}.Release|Any CPU.ActiveCfg = Release|Any CPU
		{C1E2A3B4-1111-4444-8888-ABCDEF000003}.Release|Any CPU.Build.0 = Release|Any CPU
	EndGlobalSection
EndGlobal
