
Microsoft Visual Studio Solution File, Format Version 12.00
# Visual Studio Version 17
VisualStudioVersion = 17.0.31903.59
MinimumVisualStudioVersion = 10.0.40219.1
Project("{FAE04EC0-301F-11D3-BF4B-00C04F79EFBC}") = "TelemetryBridge.Core", "src/TelemetryBridge.Core/TelemetryBridge.Core.csproj", "{C1E2A3B4-1111-4444-8888-ABCDEF000001}"
EndProject
Project("{FAE04EC0-301F-11D3-BF4B-00C04F79EFBC}") = "TelemetryBridge.Cli", "src/TelemetryBridge.Cli/TelemetryBridge.Cli.csproj", "{C1E2A3B4-1111-4444-8888-ABCDEF000002}"
EndProject
Project("{2150E333-8FDC-42A3-9474-1A3956D46DE8}") = "tests", "tests", "{0AB3BF05-4346-4AA6-1389-037BE0695223}"
EndProject
Project("{FAE04EC0-301F-11D3-BF4B-00C04F79EFBC}") = "TelemetryBridge.Core.Tests", "tests\TelemetryBridge.Core.Tests\TelemetryBridge.Core.Tests.csproj", "{23837534-B0AA-4A47-AE15-ABEAE596C2A7}"
EndProject
Project("{2150E333-8FDC-42A3-9474-1A3956D46DE8}") = "src", "src", "{827E0CD3-B72D-47B6-A68D-7590B98EB39B}"
EndProject
Project("{FAE04EC0-301F-11D3-BF4B-00C04F79EFBC}") = "TelemetryBridge.Core", "src\TelemetryBridge.Core\TelemetryBridge.Core.csproj", "{7D764D86-93D8-45D1-8771-D911AB526358}"
EndProject
Global
	GlobalSection(SolutionConfigurationPlatforms) = preSolution
		Debug|Any CPU = Debug|Any CPU
		Debug|x64 = Debug|x64
		Debug|x86 = Debug|x86
		Release|Any CPU = Release|Any CPU
		Release|x64 = Release|x64
		Release|x86 = Release|x86
	EndGlobalSection
	GlobalSection(ProjectConfigurationPlatforms) = postSolution
		{C1E2A3B4-1111-4444-8888-ABCDEF000001}.Debug|Any CPU.ActiveCfg = Debug|Any CPU
		{C1E2A3B4-1111-4444-8888-ABCDEF000001}.Debug|Any CPU.Build.0 = Debug|Any CPU
		{C1E2A3B4-1111-4444-8888-ABCDEF000001}.Debug|x64.ActiveCfg = Debug|Any CPU
		{C1E2A3B4-1111-4444-8888-ABCDEF000001}.Debug|x64.Build.0 = Debug|Any CPU
		{C1E2A3B4-1111-4444-8888-ABCDEF000001}.Debug|x86.ActiveCfg = Debug|Any CPU
		{C1E2A3B4-1111-4444-8888-ABCDEF000001}.Debug|x86.Build.0 = Debug|Any CPU
		{C1E2A3B4-1111-4444-8888-ABCDEF000001}.Release|Any CPU.ActiveCfg = Release|Any CPU
		{C1E2A3B4-1111-4444-8888-ABCDEF000001}.Release|Any CPU.Build.0 = Release|Any CPU
		{C1E2A3B4-1111-4444-8888-ABCDEF000001}.Release|x64.ActiveCfg = Release|Any CPU
		{C1E2A3B4-1111-4444-8888-ABCDEF000001}.Release|x64.Build.0 = Release|Any CPU
		{C1E2A3B4-1111-4444-8888-ABCDEF000001}.Release|x86.ActiveCfg = Release|Any CPU
		{C1E2A3B4-1111-4444-8888-ABCDEF000001}.Release|x86.Build.0 = Release|Any CPU
		{C1E2A3B4-1111-4444-8888-ABCDEF000002}.Debug|Any CPU.ActiveCfg = Debug|Any CPU
		{C1E2A3B4-1111-4444-8888-ABCDEF000002}.Debug|Any CPU.Build.0 = Debug|Any CPU
		{C1E2A3B4-1111-4444-8888-ABCDEF000002}.Debug|x64.ActiveCfg = Debug|Any CPU
		{C1E2A3B4-1111-4444-8888-ABCDEF000002}.Debug|x64.Build.0 = Debug|Any CPU
		{C1E2A3B4-1111-4444-8888-ABCDEF000002}.Debug|x86.ActiveCfg = Debug|Any CPU
		{C1E2A3B4-1111-4444-8888-ABCDEF000002}.Debug|x86.Build.0 = Debug|Any CPU
		{C1E2A3B4-1111-4444-8888-ABCDEF000002}.Release|Any CPU.ActiveCfg = Release|Any CPU
		{C1E2A3B4-1111-4444-8888-ABCDEF000002}.Release|Any CPU.Build.0 = Release|Any CPU
		{C1E2A3B4-1111-4444-8888-ABCDEF000002}.Release|x64.ActiveCfg = Release|Any CPU
		{C1E2A3B4-1111-4444-8888-ABCDEF000002}.Release|x64.Build.0 = Release|Any CPU
		{C1E2A3B4-1111-4444-8888-ABCDEF000002}.Release|x86.ActiveCfg = Release|Any CPU
		{C1E2A3B4-1111-4444-8888-ABCDEF000002}.Release|x86.Build.0 = Release|Any CPU
		{23837534-B0AA-4A47-AE15-ABEAE596C2A7}.Debug|Any CPU.ActiveCfg = Debug|Any CPU
		{23837534-B0AA-4A47-AE15-ABEAE596C2A7}.Debug|Any CPU.Build.0 = Debug|Any CPU
		{23837534-B0AA-4A47-AE15-ABEAE596C2A7}.Debug|x64.ActiveCfg = Debug|Any CPU
		{23837534-B0AA-4A47-AE15-ABEAE596C2A7}.Debug|x64.Build.0 = Debug|Any CPU
		{23837534-B0AA-4A47-AE15-ABEAE596C2A7}.Debug|x86.ActiveCfg = Debug|Any CPU
		{23837534-B0AA-4A47-AE15-ABEAE596C2A7}.Debug|x86.Build.0 = Debug|Any CPU
		{23837534-B0AA-4A47-AE15-ABEAE596C2A7}.Release|Any CPU.ActiveCfg = Release|Any CPU
		{23837534-B0AA-4A47-AE15-ABEAE596C2A7}.Release|Any CPU.Build.0 = Release|Any CPU
		{23837534-B0AA-4A47-AE15-ABEAE596C2A7}.Release|x64.ActiveCfg = Release|Any CPU
		{23837534-B0AA-4A47-AE15-ABEAE596C2A7}.Release|x64.Build.0 = Release|Any CPU
		{23837534-B0AA-4A47-AE15-ABEAE596C2A7}.Release|x86.ActiveCfg = Release|Any CPU
		{23837534-B0AA-4A47-AE15-ABEAE596C2A7}.Release|x86.Build.0 = Release|Any CPU
		{7D764D86-93D8-45D1-8771-D911AB526358}.Debug|Any CPU.ActiveCfg = Debug|Any CPU
		{7D764D86-93D8-45D1-8771-D911AB526358}.Debug|Any CPU.Build.0 = Debug|Any CPU
		{7D764D86-93D8-45D1-8771-D911AB526358}.Debug|x64.ActiveCfg = Debug|Any CPU
		{7D764D86-93D8-45D1-8771-D911AB526358}.Debug|x64.Build.0 = Debug|Any CPU
		{7D764D86-93D8-45D1-8771-D911AB526358}.Debug|x86.ActiveCfg = Debug|Any CPU
		{7D764D86-93D8-45D1-8771-D911AB526358}.Debug|x86.Build.0 = Debug|Any CPU
		{7D764D86-93D8-45D1-8771-D911AB526358}.Release|Any CPU.ActiveCfg = Release|Any CPU
		{7D764D86-93D8-45D1-8771-D911AB526358}.Release|Any CPU.Build.0 = Release|Any CPU
		{7D764D86-93D8-45D1-8771-D911AB526358}.Release|x64.ActiveCfg = Release|Any CPU
		{7D764D86-93D8-45D1-8771-D911AB526358}.Release|x64.Build.0 = Release|Any CPU
		{7D764D86-93D8-45D1-8771-D911AB526358}.Release|x86.ActiveCfg = Release|Any CPU
		{7D764D86-93D8-45D1-8771-D911AB526358}.Release|x86.Build.0 = Release|Any CPU
	EndGlobalSection
	GlobalSection(SolutionProperties) = preSolution
		HideSolutionNode = FALSE
	EndGlobalSection
	GlobalSection(NestedProjects) = preSolution
		{23837534-B0AA-4A47-AE15-ABEAE596C2A7} = {0AB3BF05-4346-4AA6-1389-037BE0695223}
		{7D764D86-93D8-45D1-8771-D911AB526358} = {827E0CD3-B72D-47B6-A68D-7590B98EB39B}
	EndGlobalSection
EndGlobal
